
Microsoft Visual Studio Solution File, Format Version 12.00
# Visual Studio Version 16
VisualStudioVersion = 16.0.31205.134
MinimumVisualStudioVersion = 10.0.40219.1
Project("{2150E333-8FDC-42A3-9474-1A3956D46DE8}") = "WebApi", "WebApi", "{B7287772-D708-4F37-95C7-390F5B50F85F}"
EndProject
Project("{2150E333-8FDC-42A3-9474-1A3956D46DE8}") = "Application", "Application", "{7A7201DF-63C2-4C48-BE41-4361255388EC}"
EndProject
Project("{2150E333-8FDC-42A3-9474-1A3956D46DE8}") = "Domain", "Domain", "{D5C4024F-1E4C-47FE-B0AA-1B8D9B82F5D5}"
EndProject
Project("{2150E333-8FDC-42A3-9474-1A3956D46DE8}") = "Infra", "Infra", "{5B385884-B057-463D-A3CB-A77CDFE0A4CE}"
EndProject
Project("{9A19103F-16F7-4668-BE54-9A1E7A4F7556}") = "Ex.Application", "Ex.Application\Ex.Application.csproj", "{AEB66FB9-A280-429C-9D1B-BFDD2A851749}"
EndProject
Project("{9A19103F-16F7-4668-BE54-9A1E7A4F7556}") = "Ex.Domain", "Ex.Domain\Ex.Domain.csproj", "{9002C90B-E0A4-4701-A6C6-491DA48C0087}"
EndProject
Project("{9A19103F-16F7-4668-BE54-9A1E7A4F7556}") = "Ex.Domain.Core", "Ex.Domain.Core\Ex.Domain.Core.csproj", "{889901E0-E7DA-4559-AA30-221B36AEB9B9}"
EndProject
Project("{2150E333-8FDC-42A3-9474-1A3956D46DE8}") = "Data", "Data", "{99799664-F2F9-4AED-9A26-9A059E59A4C7}"
EndProject
Project("{2150E333-8FDC-42A3-9474-1A3956D46DE8}") = "CrossCutting", "CrossCutting", "{DBF3EB9C-D64B-4AA5-AF70-7D11FED2C54C}"
EndProject
Project("{9A19103F-16F7-4668-BE54-9A1E7A4F7556}") = "Ex.Infra.Data", "Ex.Infra.Data\Ex.Infra.Data.csproj", "{FF8CC7F4-1E21-4564-A533-F1449C7398EC}"
EndProject
Project("{9A19103F-16F7-4668-BE54-9A1E7A4F7556}") = "Ex.Infra.CrossCutting.Bus", "Ex.Infra.CrossCutting.Bus\Ex.Infra.CrossCutting.Bus.csproj", "{FA35E0AA-B10C-422A-A917-A736F36DF9E9}"
EndProject
Project("{9A19103F-16F7-4668-BE54-9A1E7A4F7556}") = "Ex.WebApi", "Ex.WebApi\Ex.WebApi.csproj", "{59A52518-361E-4C81-8E5C-B04191EFF344}"
EndProject
Project("{9A19103F-16F7-4668-BE54-9A1E7A4F7556}") = "Ex.Infra.CrossCutting.IoC", "Ex.Infra.CrossCutting.IoC\Ex.Infra.CrossCutting.IoC.csproj", "{BA764272-F2BE-46A6-A9FC-A115FC261D16}"
EndProject
Project("{9A19103F-16F7-4668-BE54-9A1E7A4F7556}") = "Ex.Infra.CrossCutting.Identity", "Ex.Infra.CrossCutting.Identity\Ex.Infra.CrossCutting.Identity.csproj", "{B7A04B0D-A4C1-40C8-8165-6CF67E2EBBD2}"
EndProject
Project("{2150E333-8FDC-42A3-9474-1A3956D46DE8}") = "Docs", "Docs", "{40B01B74-BEB5-4E74-899C-F5E7DBABA9DE}"
	ProjectSection(SolutionItems) = preProject
		README.md = README.md
		C:\Users\PrtruongIT\Downloads\Test.png = C:\Users\PrtruongIT\Downloads\Test.png
	EndProjectSection
EndProject
Project("{2150E333-8FDC-42A3-9474-1A3956D46DE8}") = "source", "source", "{C9F5A197-9048-4023-8DBC-CFA1E55DD3C0}"
EndProject
Global
	GlobalSection(SolutionConfigurationPlatforms) = preSolution
		Debug|Any CPU = Debug|Any CPU
		Release|Any CPU = Release|Any CPU
	EndGlobalSection
	GlobalSection(ProjectConfigurationPlatforms) = postSolution
		{AEB66FB9-A280-429C-9D1B-BFDD2A851749}.Debug|Any CPU.ActiveCfg = Debug|Any CPU
		{AEB66FB9-A280-429C-9D1B-BFDD2A851749}.Debug|Any CPU.Build.0 = Debug|Any CPU
		{AEB66FB9-A280-429C-9D1B-BFDD2A851749}.Release|Any CPU.ActiveCfg = Release|Any CPU
		{AEB66FB9-A280-429C-9D1B-BFDD2A851749}.Release|Any CPU.Build.0 = Release|Any CPU
		{9002C90B-E0A4-4701-A6C6-491DA48C0087}.Debug|Any CPU.ActiveCfg = Debug|Any CPU
		{9002C90B-E0A4-4701-A6C6-491DA48C0087}.Debug|Any CPU.Build.0 = Debug|Any CPU
		{9002C90B-E0A4-4701-A6C6-491DA48C0087}.Release|Any CPU.ActiveCfg = Release|Any CPU
		{9002C90B-E0A4-4701-A6C6-491DA48C0087}.Release|Any CPU.Build.0 = Release|Any CPU
		{889901E0-E7DA-4559-AA30-221B36AEB9B9}.Debug|Any CPU.ActiveCfg = Debug|Any CPU
		{889901E0-E7DA-4559-AA30-221B36AEB9B9}.Debug|Any CPU.Build.0 = Debug|Any CPU
		{889901E0-E7DA-4559-AA30-221B36AEB9B9}.Release|Any CPU.ActiveCfg = Release|Any CPU
		{889901E0-E7DA-4559-AA30-221B36AEB9B9}.Release|Any CPU.Build.0 = Release|Any CPU
		{FF8CC7F4-1E21-4564-A533-F1449C7398EC}.Debug|Any CPU.ActiveCfg = Debug|Any CPU
		{FF8CC7F4-1E21-4564-A533-F1449C7398EC}.Debug|Any CPU.Build.0 = Debug|Any CPU
		{FF8CC7F4-1E21-4564-A533-F1449C7398EC}.Release|Any CPU.ActiveCfg = Release|Any CPU
		{FF8CC7F4-1E21-4564-A533-F1449C7398EC}.Release|Any CPU.Build.0 = Release|Any CPU
		{FA35E0AA-B10C-422A-A917-A736F36DF9E9}.Debug|Any CPU.ActiveCfg = Debug|Any CPU
		{FA35E0AA-B10C-422A-A917-A736F36DF9E9}.Debug|Any CPU.Build.0 = Debug|Any CPU
		{FA35E0AA-B10C-422A-A917-A736F36DF9E9}.Release|Any CPU.ActiveCfg = Release|Any CPU
		{FA35E0AA-B10C-422A-A917-A736F36DF9E9}.Release|Any CPU.Build.0 = Release|Any CPU
		{59A52518-361E-4C81-8E5C-B04191EFF344}.Debug|Any CPU.ActiveCfg = Debug|Any CPU
		{59A52518-361E-4C81-8E5C-B04191EFF344}.Debug|Any CPU.Build.0 = Debug|Any CPU
		{59A52518-361E-4C81-8E5C-B04191EFF344}.Release|Any CPU.ActiveCfg = Release|Any CPU
		{59A52518-361E-4C81-8E5C-B04191EFF344}.Release|Any CPU.Build.0 = Release|Any CPU
		{BA764272-F2BE-46A6-A9FC-A115FC261D16}.Debug|Any CPU.ActiveCfg = Debug|Any CPU
		{BA764272-F2BE-46A6-A9FC-A115FC261D16}.Debug|Any CPU.Build.0 = Debug|Any CPU
		{BA764272-F2BE-46A6-A9FC-A115FC261D16}.Release|Any CPU.ActiveCfg = Release|Any CPU
		{BA764272-F2BE-46A6-A9FC-A115FC261D16}.Release|Any CPU.Build.0 = Release|Any CPU
		{B7A04B0D-A4C1-40C8-8165-6CF67E2EBBD2}.Debug|Any CPU.ActiveCfg = Debug|Any CPU
		{B7A04B0D-A4C1-40C8-8165-6CF67E2EBBD2}.Debug|Any CPU.Build.0 = Debug|Any CPU
		{B7A04B0D-A4C1-40C8-8165-6CF67E2EBBD2}.Release|Any CPU.ActiveCfg = Release|Any CPU
		{B7A04B0D-A4C1-40C8-8165-6CF67E2EBBD2}.Release|Any CPU.Build.0 = Release|Any CPU
	EndGlobalSection
	GlobalSection(SolutionProperties) = preSolution
		HideSolutionNode = FALSE
	EndGlobalSection
	GlobalSection(NestedProjects) = preSolution
		{B7287772-D708-4F37-95C7-390F5B50F85F} = {C9F5A197-9048-4023-8DBC-CFA1E55DD3C0}
		{7A7201DF-63C2-4C48-BE41-4361255388EC} = {C9F5A197-9048-4023-8DBC-CFA1E55DD3C0}
		{D5C4024F-1E4C-47FE-B0AA-1B8D9B82F5D5} = {C9F5A197-9048-4023-8DBC-CFA1E55DD3C0}
		{5B385884-B057-463D-A3CB-A77CDFE0A4CE} = {C9F5A197-9048-4023-8DBC-CFA1E55DD3C0}
		{AEB66FB9-A280-429C-9D1B-BFDD2A851749} = {7A7201DF-63C2-4C48-BE41-4361255388EC}
		{9002C90B-E0A4-4701-A6C6-491DA48C0087} = {D5C4024F-1E4C-47FE-B0AA-1B8D9B82F5D5}
		{889901E0-E7DA-4559-AA30-221B36AEB9B9} = {D5C4024F-1E4C-47FE-B0AA-1B8D9B82F5D5}
		{99799664-F2F9-4AED-9A26-9A059E59A4C7} = {5B385884-B057-463D-A3CB-A77CDFE0A4CE}
		{DBF3EB9C-D64B-4AA5-AF70-7D11FED2C54C} = {5B385884-B057-463D-A3CB-A77CDFE0A4CE}
		{FF8CC7F4-1E21-4564-A533-F1449C7398EC} = {99799664-F2F9-4AED-9A26-9A059E59A4C7}
		{FA35E0AA-B10C-422A-A917-A736F36DF9E9} = {DBF3EB9C-D64B-4AA5-AF70-7D11FED2C54C}
		{59A52518-361E-4C81-8E5C-B04191EFF344} = {B7287772-D708-4F37-95C7-390F5B50F85F}
		{BA764272-F2BE-46A6-A9FC-A115FC261D16} = {DBF3EB9C-D64B-4AA5-AF70-7D11FED2C54C}
		{B7A04B0D-A4C1-40C8-8165-6CF67E2EBBD2} = {DBF3EB9C-D64B-4AA5-AF70-7D11FED2C54C}
	EndGlobalSection
	GlobalSection(ExtensibilityGlobals) = postSolution
		SolutionGuid = {95E410DE-2936-441B-AA3B-D0B508C9A1B0}
	EndGlobalSection
EndGlobal
